<?xml version="1.0"?>
<CONFIG>
  <ProjectOptions>
    <Version Value="9"/>
    <PathDelim Value="\"/>
    <General>
      <MainUnit Value="0"/>
      <ResourceType Value="res"/>
      <UseXPManifest Value="True"/>
      <Icon Value="0"/>
      <ActiveWindowIndexAtStart Value="0"/>
    </General>
    <i18n>
      <EnableI18N LFM="False"/>
    </i18n>
    <VersionInfo>
      <StringTable ProductVersion=""/>
    </VersionInfo>
    <BuildModes Count="1" Active="Default">
      <Item1 Name="Default" Default="True"/>
    </BuildModes>
    <PublishOptions>
      <Version Value="2"/>
      <IncludeFileFilter Value="*.(pas|pp|inc|lfm|lpr|lrs|lpi|lpk|sh|xml)"/>
      <ExcludeFileFilter Value="*.(bak|ppu|o|so);*~;backup"/>
    </PublishOptions>
    <RunParams>
      <local>
        <FormatVersion Value="1"/>
      </local>
    </RunParams>
    <RequiredPackages Count="2">
      <Item1>
        <PackageName Value="laz_synapse"/>
      </Item1>
      <Item2>
        <PackageName Value="LCL"/>
      </Item2>
    </RequiredPackages>
    <Units Count="9">
      <Unit0>
        <Filename Value="LazRSS.lpr"/>
        <IsPartOfProject Value="True"/>
        <UnitName Value="LazRSS"/>
        <UsageCount Value="27"/>
      </Unit0>
      <Unit1>
        <Filename Value="rss_main.pas"/>
        <IsPartOfProject Value="True"/>
        <ComponentName Value="Form1"/>
        <ResourceBaseClass Value="Form"/>
        <UnitName Value="rss_main"/>
        <EditorIndex Value="0"/>
        <WindowIndex Value="0"/>
        <TopLine Value="42"/>
        <CursorPos X="1" Y="62"/>
        <UsageCount Value="27"/>
        <Loaded Value="True"/>
        <LoadedDesigner Value="True"/>
      </Unit1>
      <Unit2>
        <Filename Value="rss_parser.pas"/>
        <UnitName Value="rss_parser"/>
        <IsVisibleTab Value="True"/>
        <EditorIndex Value="3"/>
        <WindowIndex Value="0"/>
        <TopLine Value="127"/>
        <CursorPos X="47" Y="147"/>
        <UsageCount Value="14"/>
        <Loaded Value="True"/>
      </Unit2>
      <Unit3>
        <Filename Value="rss_types.pas"/>
        <UnitName Value="rss_types"/>
        <EditorIndex Value="4"/>
        <WindowIndex Value="0"/>
        <TopLine Value="6"/>
        <CursorPos X="20" Y="16"/>
        <UsageCount Value="14"/>
        <Loaded Value="True"/>
      </Unit3>
      <Unit4>
        <Filename Value="C:\lazarus\lcl\include\treeview.inc"/>
        <EditorIndex Value="2"/>
        <WindowIndex Value="0"/>
        <TopLine Value="981"/>
        <CursorPos X="1" Y="999"/>
        <UsageCount Value="14"/>
        <Loaded Value="True"/>
      </Unit4>
      <Unit5>
        <Filename Value="..\XMLParser\LibXmlComps.pas"/>
        <UnitName Value="LibXmlComps"/>
        <WindowIndex Value="0"/>
        <TopLine Value="1"/>
        <CursorPos X="1" Y="1"/>
        <UsageCount Value="11"/>
        <DefaultSyntaxHighlighter Value="Delphi"/>
      </Unit5>
      <Unit6>
        <Filename Value="..\XMLParser\LibXmlParser.pas"/>
        <UnitName Value="LibXmlParser"/>
        <WindowIndex Value="0"/>
        <TopLine Value="409"/>
        <CursorPos X="17" Y="427"/>
        <UsageCount Value="11"/>
        <DefaultSyntaxHighlighter Value="Delphi"/>
      </Unit6>
      <Unit7>
        <Filename Value="rss_utils.pas"/>
        <UnitName Value="rss_utils"/>
        <EditorIndex Value="1"/>
        <WindowIndex Value="0"/>
        <TopLine Value="33"/>
        <CursorPos X="1" Y="62"/>
        <UsageCount Value="13"/>
        <Loaded Value="True"/>
      </Unit7>
      <Unit8>
        <Filename Value="C:\lazarus\lcl\include\control.inc"/>
        <WindowIndex Value="0"/>
        <TopLine Value="2271"/>
        <CursorPos X="1" Y="2289"/>
        <UsageCount Value="10"/>
      </Unit8>
    </Units>
    <JumpHistory Count="30" HistoryIndex="29">
      <Position1>
        <Filename Value="rss_parser.pas"/>
        <Caret Line="149" Column="1" TopLine="126"/>
      </Position1>
      <Position2>
        <Filename Value="rss_utils.pas"/>
        <Caret Line="49" Column="1" TopLine="31"/>
      </Position2>
      <Position3>
        <Filename Value="rss_utils.pas"/>
        <Caret Line="50" Column="1" TopLine="31"/>
      </Position3>
      <Position4>
        <Filename Value="rss_utils.pas"/>
        <Caret Line="51" Column="1" TopLine="31"/>
      </Position4>
      <Position5>
        <Filename Value="rss_utils.pas"/>
        <Caret Line="53" Column="1" TopLine="31"/>
      </Position5>
      <Position6>
        <Filename Value="rss_utils.pas"/>
        <Caret Line="54" Column="1" TopLine="31"/>
      </Position6>
      <Position7>
        <Filename Value="rss_utils.pas"/>
        <Caret Line="56" Column="1" TopLine="31"/>
      </Position7>
      <Position8>
        <Filename Value="rss_utils.pas"/>
        <Caret Line="57" Column="1" TopLine="31"/>
      </Position8>
      <Position9>
        <Filename Value="rss_utils.pas"/>
        <Caret Line="61" Column="1" TopLine="32"/>
      </Position9>
      <Position10>
        <Filename Value="rss_utils.pas"/>
        <Caret Line="53" Column="1" TopLine="32"/>
      </Position10>
      <Position11>
        <Filename Value="rss_utils.pas"/>
        <Caret Line="54" Column="1" TopLine="32"/>
      </Position11>
      <Position12>
        <Filename Value="rss_utils.pas"/>
        <Caret Line="60" Column="1" TopLine="32"/>
      </Position12>
      <Position13>
        <Filename Value="rss_utils.pas"/>
        <Caret Line="61" Column="1" TopLine="32"/>
      </Position13>
      <Position14>
        <Filename Value="rss_utils.pas"/>
        <Caret Line="62" Column="1" TopLine="33"/>
      </Position14>
      <Position15>
        <Filename Value="rss_parser.pas"/>
        <Caret Line="150" Column="1" TopLine="126"/>
      </Position15>
      <Position16>
        <Filename Value="rss_parser.pas"/>
        <Caret Line="152" Column="1" TopLine="126"/>
      </Position16>
      <Position17>
        <Filename Value="rss_parser.pas"/>
        <Caret Line="153" Column="1" TopLine="126"/>
      </Position17>
      <Position18>
        <Filename Value="rss_parser.pas"/>
        <Caret Line="154" Column="1" TopLine="126"/>
      </Position18>
      <Position19>
        <Filename Value="rss_parser.pas"/>
        <Caret Line="155" Column="1" TopLine="126"/>
      </Position19>
      <Position20>
        <Filename Value="rss_parser.pas"/>
        <Caret Line="156" Column="1" TopLine="127"/>
      </Position20>
      <Position21>
        <Filename Value="rss_parser.pas"/>
        <Caret Line="157" Column="1" TopLine="127"/>
      </Position21>
      <Position22>
        <Filename Value="rss_main.pas"/>
        <Caret Line="61" Column="1" TopLine="42"/>
      </Position22>
      <Position23>
        <Filename Value="rss_main.pas"/>
        <Caret Line="62" Column="1" TopLine="42"/>
      </Position23>
      <Position24>
        <Filename Value="rss_parser.pas"/>
        <Caret Line="157" Column="1" TopLine="127"/>
      </Position24>
      <Position25>
        <Filename Value="rss_parser.pas"/>
        <Caret Line="146" Column="1" TopLine="127"/>
      </Position25>
      <Position26>
        <Filename Value="rss_parser.pas"/>
        <Caret Line="147" Column="55" TopLine="127"/>
      </Position26>
      <Position27>
        <Filename Value="rss_parser.pas"/>
        <Caret Line="146" Column="1" TopLine="127"/>
      </Position27>
      <Position28>
        <Filename Value="rss_parser.pas"/>
        <Caret Line="147" Column="55" TopLine="127"/>
      </Position28>
      <Position29>
        <Filename Value="rss_parser.pas"/>
        <Caret Line="146" Column="1" TopLine="127"/>
      </Position29>
      <Position30>
        <Filename Value="rss_parser.pas"/>
        <Caret Line="147" Column="1" TopLine="127"/>
      </Position30>
    </JumpHistory>
  </ProjectOptions>
  <CompilerOptions>
    <Version Value="9"/>
    <PathDelim Value="\"/>
    <Target>
      <Filename Value="LazRSS"/>
    </Target>
    <SearchPaths>
      <IncludeFiles Value="$(ProjOutDir)"/>
      <UnitOutputDirectory Value="lib\$(TargetCPU)-$(TargetOS)"/>
    </SearchPaths>
    <Linking>
      <Options>
        <Win32>
          <GraphicApplication Value="True"/>
        </Win32>
      </Options>
    </Linking>
    <Other>
      <CompilerPath Value="$(CompPath)"/>
    </Other>
  </CompilerOptions>
  <Debugging>
    <BreakPoints Count="1">
      <Item1>
        <Source Value="rss_parser.pas"/>
        <Line Value="146"/>
      </Item1>
    </BreakPoints>
    <Exceptions Count="3">
      <Item1>
        <Name Value="EAbort"/>
      </Item1>
      <Item2>
        <Name Value="ECodetoolError"/>
      </Item2>
      <Item3>
        <Name Value="EFOpenError"/>
      </Item3>
    </Exceptions>
  </Debugging>
</CONFIG>
